
Microsoft Visual Studio Solution File, Format Version 12.00
# Visual Studio Version 17
VisualStudioVersion = 17.11.35327.3
MinimumVisualStudioVersion = 10.0.40219.1
Project("{FAE04EC0-301F-11D3-BF4B-00C04F79EFBC}") = "21.For", "21.For\21.For.csproj", "{45D32A4C-B4CD-4CF7-AC96-BA3631D2BDC5}"
EndProject
Global
	GlobalSection(SolutionConfigurationPlatforms) = preSolution
		Debug|Any CPU = Debug|Any CPU
		Release|Any CPU = Release|Any CPU
	EndGlobalSection
	GlobalSection(ProjectConfigurationPlatforms) = postSolution
		{45D32A4C-B4CD-4CF7-AC96-BA3631D2BDC5}.Debug|Any CPU.ActiveCfg = Debug|Any CPU
		{45D32A4C-B4CD-4CF7-AC96-BA3631D2BDC5}.Debug|Any CPU.Build.0 = Debug|Any CPU
		{45D32A4C-B4CD-4CF7-AC96-BA3631D2BDC5}.Release|Any CPU.ActiveCfg = Release|Any CPU
		{45D32A4C-B4CD-4CF7-AC96-BA3631D2BDC5}.Release|Any CPU.Build.0 = Release|Any CPU
	EndGlobalSection
	GlobalSection(SolutionProperties) = preSolution
		HideSolutionNode = FALSE
	EndGlobalSection
	GlobalSection(ExtensibilityGlobals) = postSolution
		SolutionGuid = {8E5905A5-2488-4C6B-8167-A6D4782C83E8}
	EndGlobalSection
EndGlobal
