
Microsoft Visual Studio Solution File, Format Version 12.00
# Visual Studio Version 17
VisualStudioVersion = 17.11.35327.3
MinimumVisualStudioVersion = 10.0.40219.1
Project("{FAE04EC0-301F-11D3-BF4B-00C04F79EFBC}") = "12.Ejercicio", "12.Ejercicio.csproj", "{BF060553-FA5B-4795-84CD-DC63968B6337}"
EndProject
Global
	GlobalSection(SolutionConfigurationPlatforms) = preSolution
		Debug|Any CPU = Debug|Any CPU
		Release|Any CPU = Release|Any CPU
	EndGlobalSection
	GlobalSection(ProjectConfigurationPlatforms) = postSolution
		{BF060553-FA5B-4795-84CD-DC63968B6337}.Debug|Any CPU.ActiveCfg = Debug|Any CPU
		{BF060553-FA5B-4795-84CD-DC63968B6337}.Debug|Any CPU.Build.0 = Debug|Any CPU
		{BF060553-FA5B-4795-84CD-DC63968B6337}.Release|Any CPU.ActiveCfg = Release|Any CPU
		{BF060553-FA5B-4795-84CD-DC63968B6337}.Release|Any CPU.Build.0 = Release|Any CPU
	EndGlobalSection
	GlobalSection(SolutionProperties) = preSolution
		HideSolutionNode = FALSE
	EndGlobalSection
	GlobalSection(ExtensibilityGlobals) = postSolution
		SolutionGuid = {4BCA9EDB-6B36-4F2B-9612-7B4AEDF71563}
	EndGlobalSection
EndGlobal
