
Microsoft Visual Studio Solution File, Format Version 12.00
# Visual Studio Version 17
VisualStudioVersion = 17.11.35327.3
MinimumVisualStudioVersion = 10.0.40219.1
Project("{FAE04EC0-301F-11D3-BF4B-00C04F79EFBC}") = "16.Ejercicio", "16.Ejercicio.csproj", "{CF26B834-4F24-47F1-9D70-9DA2A394E6A8}"
EndProject
Global
	GlobalSection(SolutionConfigurationPlatforms) = preSolution
		Debug|Any CPU = Debug|Any CPU
		Release|Any CPU = Release|Any CPU
	EndGlobalSection
	GlobalSection(ProjectConfigurationPlatforms) = postSolution
		{CF26B834-4F24-47F1-9D70-9DA2A394E6A8}.Debug|Any CPU.ActiveCfg = Debug|Any CPU
		{CF26B834-4F24-47F1-9D70-9DA2A394E6A8}.Debug|Any CPU.Build.0 = Debug|Any CPU
		{CF26B834-4F24-47F1-9D70-9DA2A394E6A8}.Release|Any CPU.ActiveCfg = Release|Any CPU
		{CF26B834-4F24-47F1-9D70-9DA2A394E6A8}.Release|Any CPU.Build.0 = Release|Any CPU
	EndGlobalSection
	GlobalSection(SolutionProperties) = preSolution
		HideSolutionNode = FALSE
	EndGlobalSection
	GlobalSection(ExtensibilityGlobals) = postSolution
		SolutionGuid = {98C173AD-8EBE-41E7-9F61-BE0E4736E92B}
	EndGlobalSection
EndGlobal
