
Microsoft Visual Studio Solution File, Format Version 12.00
# Visual Studio Version 17
VisualStudioVersion = 17.11.35327.3
MinimumVisualStudioVersion = 10.0.40219.1
Project("{FAE04EC0-301F-11D3-BF4B-00C04F79EFBC}") = "6.CondicionalMultipleTerciario", "6.CondicionalMultipleTerciario.csproj", "{8C39B903-09EA-4036-9428-221291B4EF2F}"
EndProject
Global
	GlobalSection(SolutionConfigurationPlatforms) = preSolution
		Debug|Any CPU = Debug|Any CPU
		Release|Any CPU = Release|Any CPU
	EndGlobalSection
	GlobalSection(ProjectConfigurationPlatforms) = postSolution
		{8C39B903-09EA-4036-9428-221291B4EF2F}.Debug|Any CPU.ActiveCfg = Debug|Any CPU
		{8C39B903-09EA-4036-9428-221291B4EF2F}.Debug|Any CPU.Build.0 = Debug|Any CPU
		{8C39B903-09EA-4036-9428-221291B4EF2F}.Release|Any CPU.ActiveCfg = Release|Any CPU
		{8C39B903-09EA-4036-9428-221291B4EF2F}.Release|Any CPU.Build.0 = Release|Any CPU
	EndGlobalSection
	GlobalSection(SolutionProperties) = preSolution
		HideSolutionNode = FALSE
	EndGlobalSection
	GlobalSection(ExtensibilityGlobals) = postSolution
		SolutionGuid = {888879B0-2157-432F-A6D6-5F9576128AB5}
	EndGlobalSection
EndGlobal
