
Microsoft Visual Studio Solution File, Format Version 12.00
# Visual Studio Version 17
VisualStudioVersion = 17.11.35327.3
MinimumVisualStudioVersion = 10.0.40219.1
Project("{FAE04EC0-301F-11D3-BF4B-00C04F79EFBC}") = "19.DoWhile3", "19.DoWhile3.csproj", "{ECC3419C-5EF0-4F1B-B012-D08403F92714}"
EndProject
Global
	GlobalSection(SolutionConfigurationPlatforms) = preSolution
		Debug|Any CPU = Debug|Any CPU
		Release|Any CPU = Release|Any CPU
	EndGlobalSection
	GlobalSection(ProjectConfigurationPlatforms) = postSolution
		{ECC3419C-5EF0-4F1B-B012-D08403F92714}.Debug|Any CPU.ActiveCfg = Debug|Any CPU
		{ECC3419C-5EF0-4F1B-B012-D08403F92714}.Debug|Any CPU.Build.0 = Debug|Any CPU
		{ECC3419C-5EF0-4F1B-B012-D08403F92714}.Release|Any CPU.ActiveCfg = Release|Any CPU
		{ECC3419C-5EF0-4F1B-B012-D08403F92714}.Release|Any CPU.Build.0 = Release|Any CPU
	EndGlobalSection
	GlobalSection(SolutionProperties) = preSolution
		HideSolutionNode = FALSE
	EndGlobalSection
	GlobalSection(ExtensibilityGlobals) = postSolution
		SolutionGuid = {3ED89AC0-2DB3-47CE-883F-72CB8FCE33D6}
	EndGlobalSection
EndGlobal
